
Microsoft Visual Studio Solution File, Format Version 12.00
# Visual Studio 14
VisualStudioVersion = 14.0.25123.0
MinimumVisualStudioVersion = 10.0.40219.1
Project("{FAE04EC0-301F-11D3-BF4B-00C04F79EFBC}") = "APM.Admin", "APM.Admin\APM.Admin.csproj", "{521B1DA5-CDA7-4BB5-A684-85881B5A94D8}"
EndProject
Project("{FAE04EC0-301F-11D3-BF4B-00C04F79EFBC}") = "APM.Tests", "APM.Tests\APM.Tests.csproj", "{1A6E5B32-A2AC-4DE7-8DEF-CD1673F00A43}"
EndProject
Project("{FAE04EC0-301F-11D3-BF4B-00C04F79EFBC}") = "APM.Web", "APM.Web\APM.Web.csproj", "{6169A43D-9383-4187-AFC7-558619CFCE94}"
EndProject
Project("{FAE04EC0-301F-11D3-BF4B-00C04F79EFBC}") = "APM", "APM\APM.csproj", "{75476CED-AF3B-4501-8C23-041E49DB8E65}"
EndProject
Project("{FAE04EC0-301F-11D3-BF4B-00C04F79EFBC}") = "APM.Web1", "APM.Web1\APM.Web1.csproj", "{9DDAE813-FBD7-4597-9511-A5EB2FF6BD83}"
EndProject
Global
	GlobalSection(SolutionConfigurationPlatforms) = preSolution
		Debug|Any CPU = Debug|Any CPU
		Release|Any CPU = Release|Any CPU
	EndGlobalSection
	GlobalSection(ProjectConfigurationPlatforms) = postSolution
		{521B1DA5-CDA7-4BB5-A684-85881B5A94D8}.Debug|Any CPU.ActiveCfg = Debug|Any CPU
		{521B1DA5-CDA7-4BB5-A684-85881B5A94D8}.Debug|Any CPU.Build.0 = Debug|Any CPU
		{521B1DA5-CDA7-4BB5-A684-85881B5A94D8}.Release|Any CPU.ActiveCfg = Release|Any CPU
		{521B1DA5-CDA7-4BB5-A684-85881B5A94D8}.Release|Any CPU.Build.0 = Release|Any CPU
		{1A6E5B32-A2AC-4DE7-8DEF-CD1673F00A43}.Debug|Any CPU.ActiveCfg = Debug|Any CPU
		{1A6E5B32-A2AC-4DE7-8DEF-CD1673F00A43}.Debug|Any CPU.Build.0 = Debug|Any CPU
		{1A6E5B32-A2AC-4DE7-8DEF-CD1673F00A43}.Release|Any CPU.ActiveCfg = Release|Any CPU
		{1A6E5B32-A2AC-4DE7-8DEF-CD1673F00A43}.Release|Any CPU.Build.0 = Release|Any CPU
		{6169A43D-9383-4187-AFC7-558619CFCE94}.Debug|Any CPU.ActiveCfg = Debug|Any CPU
		{6169A43D-9383-4187-AFC7-558619CFCE94}.Debug|Any CPU.Build.0 = Debug|Any CPU
		{6169A43D-9383-4187-AFC7-558619CFCE94}.Release|Any CPU.ActiveCfg = Release|Any CPU
		{6169A43D-9383-4187-AFC7-558619CFCE94}.Release|Any CPU.Build.0 = Release|Any CPU
		{75476CED-AF3B-4501-8C23-041E49DB8E65}.Debug|Any CPU.ActiveCfg = Debug|Any CPU
		{75476CED-AF3B-4501-8C23-041E49DB8E65}.Debug|Any CPU.Build.0 = Debug|Any CPU
		{75476CED-AF3B-4501-8C23-041E49DB8E65}.Release|Any CPU.ActiveCfg = Release|Any CPU
		{75476CED-AF3B-4501-8C23-041E49DB8E65}.Release|Any CPU.Build.0 = Release|Any CPU
		{9DDAE813-FBD7-4597-9511-A5EB2FF6BD83}.Debug|Any CPU.ActiveCfg = Debug|Any CPU
		{9DDAE813-FBD7-4597-9511-A5EB2FF6BD83}.Debug|Any CPU.Build.0 = Debug|Any CPU
		{9DDAE813-FBD7-4597-9511-A5EB2FF6BD83}.Release|Any CPU.ActiveCfg = Release|Any CPU
		{9DDAE813-FBD7-4597-9511-A5EB2FF6BD83}.Release|Any CPU.Build.0 = Release|Any CPU
	EndGlobalSection
	GlobalSection(SolutionProperties) = preSolution
		HideSolutionNode = FALSE
	EndGlobalSection
EndGlobal
